
Microsoft Visual Studio Solution File, Format Version 12.00
# Visual Studio Version 17
VisualStudioVersion = 17.5.33516.290
MinimumVisualStudioVersion = 10.0.40219.1
Project("{FAE04EC0-301F-11D3-BF4B-00C04F79EFBC}") = "CotacaoDolarWF", "CotacaoDolarWF\CotacaoDolarWF.csproj", "{14746B47-37A0-4FEA-B0DF-0E77CEFB3942}"
EndProject
Global
	GlobalSection(SolutionConfigurationPlatforms) = preSolution
		Debug|Any CPU = Debug|Any CPU
		Release|Any CPU = Release|Any CPU
	EndGlobalSection
	GlobalSection(ProjectConfigurationPlatforms) = postSolution
		{14746B47-37A0-4FEA-B0DF-0E77CEFB3942}.Debug|Any CPU.ActiveCfg = Debug|Any CPU
		{14746B47-37A0-4FEA-B0DF-0E77CEFB3942}.Debug|Any CPU.Build.0 = Debug|Any CPU
		{14746B47-37A0-4FEA-B0DF-0E77CEFB3942}.Release|Any CPU.ActiveCfg = Release|Any CPU
		{14746B47-37A0-4FEA-B0DF-0E77CEFB3942}.Release|Any CPU.Build.0 = Release|Any CPU
	EndGlobalSection
	GlobalSection(SolutionProperties) = preSolution
		HideSolutionNode = FALSE
	EndGlobalSection
	GlobalSection(ExtensibilityGlobals) = postSolution
		SolutionGuid = {E23CC8EE-D8D6-4CD4-A07A-51D661DE32DF}
	EndGlobalSection
EndGlobal
